{
  "lockfileVersion": 1,
  "configVersion": 0,
  "workspaces": {
    "": {
      "name": "honojs-starter-template",
      "dependencies": {
        "@scalar/hono-api-reference": "^0.9.44",
        "hono": "^4.12.2",
        "hono-route-docs": "^1.0.1",
      },
      "devDependencies": {
        "@types/bun": "latest",
        "@types/node": "^25.3.0",
        "prettier": "^3.8.1",
      },
    },
  },
  "packages": {
    "@scalar/core": ["@scalar/core@0.3.41", "", { "dependencies": { "@scalar/types": "0.6.6" } }, "sha512-IPgiHOSGBDfBcJELbev0lo+ZHc8Q/vA82neX0Ax1iHNGtf/munH+qN5I+p9rGRS60IRQAwABlUo31Y3Gw1c0EA=="],

    "@scalar/helpers": ["@scalar/helpers@0.2.15", "", {}, "sha512-hMHXejGFVOS4HwCo7C2qddChuvMJs3sEOALo7gNOvwLS4dGLrW8flbSglDki4ttyremlKQstP5WJuPxmHQU3sA=="],

    "@scalar/hono-api-reference": ["@scalar/hono-api-reference@0.9.44", "", { "dependencies": { "@scalar/core": "0.3.41" }, "peerDependencies": { "hono": "^4.11.5" } }, "sha512-NusQ3S/LYKmEMOwc5kbKi6Can1b0iHTL/145CxfT5klEXtazhzdiXtYNiPNS99vGYKjub7+oaFR/HXJz4y/w2w=="],

    "@scalar/types": ["@scalar/types@0.6.6", "", { "dependencies": { "@scalar/helpers": "0.2.15", "nanoid": "^5.1.6", "type-fest": "^5.3.1", "zod": "^4.3.5" } }, "sha512-nr3m23p5MnGy4Wb4JFT7aA+jzvYSs/AS40NUEoQMBE1IwtuvG5gtLL0uu6kWpDq4UAfrWGntlAQNX7G8X9D4sg=="],

    "@types/bun": ["@types/bun@1.3.9", "", { "dependencies": { "bun-types": "1.3.9" } }, "sha512-KQ571yULOdWJiMH+RIWIOZ7B2RXQGpL1YQrBtLIV3FqDcCu6FsbFUBwhdKUlCKUpS3PJDsHlJ1QKlpxoVR+xtw=="],

    "@types/node": ["@types/node@25.3.0", "", { "dependencies": { "undici-types": "~7.18.0" } }, "sha512-4K3bqJpXpqfg2XKGK9bpDTc6xO/xoUP/RBWS7AtRMug6zZFaRekiLzjVtAoZMquxoAbzBvy5nxQ7veS5eYzf8A=="],

    "bun-types": ["bun-types@1.3.9", "", { "dependencies": { "@types/node": "*" } }, "sha512-+UBWWOakIP4Tswh0Bt0QD0alpTY8cb5hvgiYeWCMet9YukHbzuruIEeXC2D7nMJPB12kbh8C7XJykSexEqGKJg=="],

    "hono": ["hono@4.12.2", "", {}, "sha512-gJnaDHXKDayjt8ue0n8Gs0A007yKXj4Xzb8+cNjZeYsSzzwKc0Lr+OZgYwVfB0pHfUs17EPoLvrOsEaJ9mj+Tg=="],

    "hono-route-docs": ["hono-route-docs@1.0.1", "", { "peerDependencies": { "@hono/standard-validator": ">=0.2.0", "@hono/zod-openapi": ">=0.9.0", "hono": ">=4.0.0", "hono-openapi": ">=1.0.0", "zod": ">=3.0.0 || >=4.0.0" }, "optionalPeers": ["@hono/standard-validator", "@hono/zod-openapi", "hono-openapi", "zod"] }, "sha512-LCd+iAdTHuxAjHDKf/EtdId9qhUaS2W3VfLFEOiEhGjgBXH+TlX7CgHnEa5saMv7HNn+gTQ0JT2dpa6BADxYPg=="],

    "nanoid": ["nanoid@5.1.6", "", { "bin": { "nanoid": "bin/nanoid.js" } }, "sha512-c7+7RQ+dMB5dPwwCp4ee1/iV/q2P6aK1mTZcfr1BTuVlyW9hJYiMPybJCcnBlQtuSmTIWNeazm/zqNoZSSElBg=="],

    "prettier": ["prettier@3.8.1", "", { "bin": { "prettier": "bin/prettier.cjs" } }, "sha512-UOnG6LftzbdaHZcKoPFtOcCKztrQ57WkHDeRD9t/PTQtmT0NHSeWWepj6pS0z/N7+08BHFDQVUrfmfMRcZwbMg=="],

    "tagged-tag": ["tagged-tag@1.0.0", "", {}, "sha512-yEFYrVhod+hdNyx7g5Bnkkb0G6si8HJurOoOEgC8B/O0uXLHlaey/65KRv6cuWBNhBgHKAROVpc7QyYqE5gFng=="],

    "type-fest": ["type-fest@5.4.4", "", { "dependencies": { "tagged-tag": "^1.0.0" } }, "sha512-JnTrzGu+zPV3aXIUhnyWJj4z/wigMsdYajGLIYakqyOW1nPllzXEJee0QQbHj+CTIQtXGlAjuK0UY+2xTyjVAw=="],

    "undici-types": ["undici-types@7.18.2", "", {}, "sha512-AsuCzffGHJybSaRrmr5eHr81mwJU3kjw6M+uprWvCXiNeN9SOGwQ3Jn8jb8m3Z6izVgknn1R0FTCEAP2QrLY/w=="],

    "zod": ["zod@4.3.6", "", {}, "sha512-rftlrkhHZOcjDwkGlnUtZZkvaPHCsDATp4pGpuOOMDaTdDDXF91wuVDJoWoPsKX/3YPQ5fHuF3STjcYyKr+Qhg=="],
  }
}
